// !$*UTF8*$!
{
	archiveVersion = 1;
	classes = {
	};
	objectVersion = 46;
	objects = {

/* Begin PBXBuildFile section */
		8E2416A11A2CD45E001F829F /* Social.framework in Frameworks */ = {isa = PBXBuildFile; fileRef = 8E2416A01A2CD45E001F829F /* Social.framework */; };
		8E2416A31A2CD489001F829F /* UIKit.framework in Frameworks */ = {isa = PBXBuildFile; fileRef = 8E2416A21A2CD489001F829F /* UIKit.framework */; };
		8E3454141A0CC5F900DACC25 /* MeetingViewController.m in Sources */ = {isa = PBXBuildFile; fileRef = 8E3454131A0CC5F900DACC25 /* MeetingViewController.m */; };
		8E55F2C21A1E545F0036AC67 /* icon.png in Resources */ = {isa = PBXBuildFile; fileRef = 8E55F2C11A1E545F0036AC67 /* icon.png */; };
		8E76D7021A2A73AA0065869D /* ImageViewController.m in Sources */ = {isa = PBXBuildFile; fileRef = 8E76D7011A2A73AA0065869D /* ImageViewController.m */; };
		8E7AA3F51A0FA89600BD9A1D /* EditViewController.m in Sources */ = {isa = PBXBuildFile; fileRef = 8E7AA3F41A0FA89600BD9A1D /* EditViewController.m */; };
		8E7D13F71A0AD2C8004ACC92 /* Meeting.m in Sources */ = {isa = PBXBuildFile; fileRef = 8E7D13F61A0AD2C8004ACC92 /* Meeting.m */; };
		8EBC4E091A0194840086577B /* main.m in Sources */ = {isa = PBXBuildFile; fileRef = 8EBC4E081A0194840086577B /* main.m */; };
		8EBC4E0C1A0194840086577B /* AppDelegate.m in Sources */ = {isa = PBXBuildFile; fileRef = 8EBC4E0B1A0194840086577B /* AppDelegate.m */; };
		8EBC4E0F1A0194840086577B /* ViewController.m in Sources */ = {isa = PBXBuildFile; fileRef = 8EBC4E0E1A0194840086577B /* ViewController.m */; };
		8EBC4E121A0194840086577B /* Main.storyboard in Resources */ = {isa = PBXBuildFile; fileRef = 8EBC4E101A0194840086577B /* Main.storyboard */; };
		8EBC4E141A0194840086577B /* Images.xcassets in Resources */ = {isa = PBXBuildFile; fileRef = 8EBC4E131A0194840086577B /* Images.xcassets */; };
		8EBC4E171A0194840086577B /* LaunchScreen.xib in Resources */ = {isa = PBXBuildFile; fileRef = 8EBC4E151A0194840086577B /* LaunchScreen.xib */; };
		8EBC4E231A0194840086577B /* GroupMateTests.m in Sources */ = {isa = PBXBuildFile; fileRef = 8EBC4E221A0194840086577B /* GroupMateTests.m */; };
		8ED07DB71A1CF55C00849A0C /* CoreLocation.framework in Frameworks */ = {isa = PBXBuildFile; fileRef = 8ED07DB61A1CF55C00849A0C /* CoreLocation.framework */; };
		8EE2D12A1A292A2B00677452 /* MeetingTableViewCell.m in Sources */ = {isa = PBXBuildFile; fileRef = 8EE2D1291A292A2B00677452 /* MeetingTableViewCell.m */; };
		8EE2D12E1A2A407C00677452 /* ImageCollectionViewCell.m in Sources */ = {isa = PBXBuildFile; fileRef = 8EE2D12D1A2A407C00677452 /* ImageCollectionViewCell.m */; };
		8EF4FDAD1A019E5A005EDC49 /* NewMeetingViewController.m in Sources */ = {isa = PBXBuildFile; fileRef = 8EF4FDAC1A019E5A005EDC49 /* NewMeetingViewController.m */; };
/* End PBXBuildFile section */

/* Begin PBXContainerItemProxy section */
		8EBC4E1D1A0194840086577B /* PBXContainerItemProxy */ = {
			isa = PBXContainerItemProxy;
			containerPortal = 8EBC4DFB1A0194840086577B /* Project object */;
			proxyType = 1;
			remoteGlobalIDString = 8EBC4E021A0194840086577B;
			remoteInfo = GroupMate;
		};
/* End PBXContainerItemProxy section */

/* Begin PBXFileReference section */
		8E2416A01A2CD45E001F829F /* Social.framework */ = {isa = PBXFileReference; lastKnownFileType = wrapper.framework; name = Social.framework; path = System/Library/Frameworks/Social.framework; sourceTree = SDKROOT; };
		8E2416A21A2CD489001F829F /* UIKit.framework */ = {isa = PBXFileReference; lastKnownFileType = wrapper.framework; name = UIKit.framework; path = System/Library/Frameworks/UIKit.framework; sourceTree = SDKROOT; };
		8E3454121A0CC5F900DACC25 /* MeetingViewController.h */ = {isa = PBXFileReference; fileEncoding = 4; lastKnownFileType = sourcecode.c.h; path = MeetingViewController.h; sourceTree = "<group>"; };
		8E3454131A0CC5F900DACC25 /* MeetingViewController.m */ = {isa = PBXFileReference; fileEncoding = 4; lastKnownFileType = sourcecode.c.objc; path = MeetingViewController.m; sourceTree = "<group>"; };
		8E55F2C11A1E545F0036AC67 /* icon.png */ = {isa = PBXFileReference; lastKnownFileType = image.png; name = icon.png; path = ../../../../../../../Downloads/icon.png; sourceTree = "<group>"; };
		8E76D7001A2A73AA0065869D /* ImageViewController.h */ = {isa = PBXFileReference; fileEncoding = 4; lastKnownFileType = sourcecode.c.h; path = ImageViewController.h; sourceTree = "<group>"; };
		8E76D7011A2A73AA0065869D /* ImageViewController.m */ = {isa = PBXFileReference; fileEncoding = 4; lastKnownFileType = sourcecode.c.objc; path = ImageViewController.m; sourceTree = "<group>"; };
		8E7AA3F31A0FA89600BD9A1D /* EditViewController.h */ = {isa = PBXFileReference; fileEncoding = 4; lastKnownFileType = sourcecode.c.h; path = EditViewController.h; sourceTree = "<group>"; };
		8E7AA3F41A0FA89600BD9A1D /* EditViewController.m */ = {isa = PBXFileReference; fileEncoding = 4; lastKnownFileType = sourcecode.c.objc; path = EditViewController.m; sourceTree = "<group>"; };
		8E7D13F51A0AD2C8004ACC92 /* Meeting.h */ = {isa = PBXFileReference; fileEncoding = 4; lastKnownFileType = sourcecode.c.h; path = Meeting.h; sourceTree = "<group>"; };
		8E7D13F61A0AD2C8004ACC92 /* Meeting.m */ = {isa = PBXFileReference; fileEncoding = 4; lastKnownFileType = sourcecode.c.objc; path = Meeting.m; sourceTree = "<group>"; };
		8EBC4E031A0194840086577B /* GroupMate.app */ = {isa = PBXFileReference; explicitFileType = wrapper.application; includeInIndex = 0; path = GroupMate.app; sourceTree = BUILT_PRODUCTS_DIR; };
		8EBC4E071A0194840086577B /* Info.plist */ = {isa = PBXFileReference; lastKnownFileType = text.plist.xml; path = Info.plist; sourceTree = "<group>"; };
		8EBC4E081A0194840086577B /* main.m */ = {isa = PBXFileReference; lastKnownFileType = sourcecode.c.objc; path = main.m; sourceTree = "<group>"; };
		8EBC4E0A1A0194840086577B /* AppDelegate.h */ = {isa = PBXFileReference; lastKnownFileType = sourcecode.c.h; path = AppDelegate.h; sourceTree = "<group>"; };
		8EBC4E0B1A0194840086577B /* AppDelegate.m */ = {isa = PBXFileReference; lastKnownFileType = sourcecode.c.objc; path = AppDelegate.m; sourceTree = "<group>"; };
		8EBC4E0D1A0194840086577B /* ViewController.h */ = {isa = PBXFileReference; lastKnownFileType = sourcecode.c.h; path = ViewController.h; sourceTree = "<group>"; };
		8EBC4E0E1A0194840086577B /* ViewController.m */ = {isa = PBXFileReference; lastKnownFileType = sourcecode.c.objc; path = ViewController.m; sourceTree = "<group>"; };
		8EBC4E111A0194840086577B /* Base */ = {isa = PBXFileReference; lastKnownFileType = file.storyboard; name = Base; path = Base.lproj/Main.storyboard; sourceTree = "<group>"; };
		8EBC4E131A0194840086577B /* Images.xcassets */ = {isa = PBXFileReference; lastKnownFileType = folder.assetcatalog; path = Images.xcassets; sourceTree = "<group>"; };
		8EBC4E161A0194840086577B /* Base */ = {isa = PBXFileReference; lastKnownFileType = file.xib; name = Base; path = Base.lproj/LaunchScreen.xib; sourceTree = "<group>"; };
		8EBC4E1C1A0194840086577B /* GroupMateTests.xctest */ = {isa = PBXFileReference; explicitFileType = wrapper.cfbundle; includeInIndex = 0; path = GroupMateTests.xctest; sourceTree = BUILT_PRODUCTS_DIR; };
		8EBC4E211A0194840086577B /* Info.plist */ = {isa = PBXFileReference; lastKnownFileType = text.plist.xml; path = Info.plist; sourceTree = "<group>"; };
		8EBC4E221A0194840086577B /* GroupMateTests.m */ = {isa = PBXFileReference; lastKnownFileType = sourcecode.c.objc; path = GroupMateTests.m; sourceTree = "<group>"; };
		8ED07DB61A1CF55C00849A0C /* CoreLocation.framework */ = {isa = PBXFileReference; lastKnownFileType = wrapper.framework; name = CoreLocation.framework; path = System/Library/Frameworks/CoreLocation.framework; sourceTree = SDKROOT; };
		8EE2D1281A292A2B00677452 /* MeetingTableViewCell.h */ = {isa = PBXFileReference; fileEncoding = 4; lastKnownFileType = sourcecode.c.h; path = MeetingTableViewCell.h; sourceTree = "<group>"; };
		8EE2D1291A292A2B00677452 /* MeetingTableViewCell.m */ = {isa = PBXFileReference; fileEncoding = 4; lastKnownFileType = sourcecode.c.objc; path = MeetingTableViewCell.m; sourceTree = "<group>"; };
		8EE2D12C1A2A407C00677452 /* ImageCollectionViewCell.h */ = {isa = PBXFileReference; fileEncoding = 4; lastKnownFileType = sourcecode.c.h; path = ImageCollectionViewCell.h; sourceTree = "<group>"; };
		8EE2D12D1A2A407C00677452 /* ImageCollectionViewCell.m */ = {isa = PBXFileReference; fileEncoding = 4; lastKnownFileType = sourcecode.c.objc; path = ImageCollectionViewCell.m; sourceTree = "<group>"; };
		8EF4FDAB1A019E5A005EDC49 /* NewMeetingViewController.h */ = {isa = PBXFileReference; fileEncoding = 4; lastKnownFileType = sourcecode.c.h; path = NewMeetingViewController.h; sourceTree = "<group>"; };
		8EF4FDAC1A019E5A005EDC49 /* NewMeetingViewController.m */ = {isa = PBXFileReference; fileEncoding = 4; lastKnownFileType = sourcecode.c.objc; path = NewMeetingViewController.m; sourceTree = "<group>"; };
/* End PBXFileReference section */

/* Begin PBXFrameworksBuildPhase section */
		8EBC4E001A0194840086577B /* Frameworks */ = {
			isa = PBXFrameworksBuildPhase;
			buildActionMask = 2147483647;
			files = (
				8E2416A31A2CD489001F829F /* UIKit.framework in Frameworks */,
				8E2416A11A2CD45E001F829F /* Social.framework in Frameworks */,
				8ED07DB71A1CF55C00849A0C /* CoreLocation.framework in Frameworks */,
			);
			runOnlyForDeploymentPostprocessing = 0;
		};
		8EBC4E191A0194840086577B /* Frameworks */ = {
			isa = PBXFrameworksBuildPhase;
			buildActionMask = 2147483647;
			files = (
			);
			runOnlyForDeploymentPostprocessing = 0;
		};
/* End PBXFrameworksBuildPhase section */

/* Begin PBXGroup section */
		8EBC4DFA1A0194840086577B = {
			isa = PBXGroup;
			children = (
				8E2416A21A2CD489001F829F /* UIKit.framework */,
				8E2416A01A2CD45E001F829F /* Social.framework */,
				8ED07DB61A1CF55C00849A0C /* CoreLocation.framework */,
				8EBC4E051A0194840086577B /* GroupMate */,
				8EBC4E1F1A0194840086577B /* GroupMateTests */,
				8EBC4E041A0194840086577B /* Products */,
			);
			sourceTree = "<group>";
		};
		8EBC4E041A0194840086577B /* Products */ = {
			isa = PBXGroup;
			children = (
				8EBC4E031A0194840086577B /* GroupMate.app */,
				8EBC4E1C1A0194840086577B /* GroupMateTests.xctest */,
			);
			name = Products;
			sourceTree = "<group>";
		};
		8EBC4E051A0194840086577B /* GroupMate */ = {
			isa = PBXGroup;
			children = (
				8EBC4E0A1A0194840086577B /* AppDelegate.h */,
				8EBC4E0B1A0194840086577B /* AppDelegate.m */,
				8E7D13F51A0AD2C8004ACC92 /* Meeting.h */,
				8E7D13F61A0AD2C8004ACC92 /* Meeting.m */,
				8EBC4E0D1A0194840086577B /* ViewController.h */,
				8EBC4E0E1A0194840086577B /* ViewController.m */,
				8EF4FDAB1A019E5A005EDC49 /* NewMeetingViewController.h */,
				8EF4FDAC1A019E5A005EDC49 /* NewMeetingViewController.m */,
				8E3454121A0CC5F900DACC25 /* MeetingViewController.h */,
				8E3454131A0CC5F900DACC25 /* MeetingViewController.m */,
				8E7AA3F31A0FA89600BD9A1D /* EditViewController.h */,
				8E7AA3F41A0FA89600BD9A1D /* EditViewController.m */,
				8E76D7001A2A73AA0065869D /* ImageViewController.h */,
				8E76D7011A2A73AA0065869D /* ImageViewController.m */,
				8EBC4E101A0194840086577B /* Main.storyboard */,
				8EE2D12B1A2A402300677452 /* Custom Elements */,
				8EBC4E131A0194840086577B /* Images.xcassets */,
				8E55F2C11A1E545F0036AC67 /* icon.png */,
				8EBC4E151A0194840086577B /* LaunchScreen.xib */,
				8EBC4E061A0194840086577B /* Supporting Files */,
			);
			path = GroupMate;
			sourceTree = "<group>";
		};
		8EBC4E061A0194840086577B /* Supporting Files */ = {
			isa = PBXGroup;
			children = (
				8EBC4E071A0194840086577B /* Info.plist */,
				8EBC4E081A0194840086577B /* main.m */,
			);
			name = "Supporting Files";
			sourceTree = "<group>";
		};
		8EBC4E1F1A0194840086577B /* GroupMateTests */ = {
			isa = PBXGroup;
			children = (
				8EBC4E221A0194840086577B /* GroupMateTests.m */,
				8EBC4E201A0194840086577B /* Supporting Files */,
			);
			path = GroupMateTests;
			sourceTree = "<group>";
		};
		8EBC4E201A0194840086577B /* Supporting Files */ = {
			isa = PBXGroup;
			children = (
				8EBC4E211A0194840086577B /* Info.plist */,
			);
			name = "Supporting Files";
			sourceTree = "<group>";
		};
		8EE2D12B1A2A402300677452 /* Custom Elements */ = {
			isa = PBXGroup;
			children = (
				8EE2D12C1A2A407C00677452 /* ImageCollectionViewCell.h */,
				8EE2D12D1A2A407C00677452 /* ImageCollectionViewCell.m */,
				8EE2D1281A292A2B00677452 /* MeetingTableViewCell.h */,
				8EE2D1291A292A2B00677452 /* MeetingTableViewCell.m */,
			);
			name = "Custom Elements";
			sourceTree = "<group>";
		};
/* End PBXGroup section */

/* Begin PBXNativeTarget section */
		8EBC4E021A0194840086577B /* GroupMate */ = {
			isa = PBXNativeTarget;
			buildConfigurationList = 8EBC4E261A0194840086577B /* Build configuration list for PBXNativeTarget "GroupMate" */;
			buildPhases = (
				8EBC4DFF1A0194840086577B /* Sources */,
				8EBC4E001A0194840086577B /* Frameworks */,
				8EBC4E011A0194840086577B /* Resources */,
			);
			buildRules = (
			);
			dependencies = (
			);
			name = GroupMate;
			productName = GroupMate;
			productReference = 8EBC4E031A0194840086577B /* GroupMate.app */;
			productType = "com.apple.product-type.application";
		};
		8EBC4E1B1A0194840086577B /* GroupMateTests */ = {
			isa = PBXNativeTarget;
			buildConfigurationList = 8EBC4E291A0194840086577B /* Build configuration list for PBXNativeTarget "GroupMateTests" */;
			buildPhases = (
				8EBC4E181A0194840086577B /* Sources */,
				8EBC4E191A0194840086577B /* Frameworks */,
				8EBC4E1A1A0194840086577B /* Resources */,
			);
			buildRules = (
			);
			dependencies = (
				8EBC4E1E1A0194840086577B /* PBXTargetDependency */,
			);
			name = GroupMateTests;
			productName = GroupMateTests;
			productReference = 8EBC4E1C1A0194840086577B /* GroupMateTests.xctest */;
			productType = "com.apple.product-type.bundle.unit-test";
		};
/* End PBXNativeTarget section */

/* Begin PBXProject section */
		8EBC4DFB1A0194840086577B /* Project object */ = {
			isa = PBXProject;
			attributes = {
				LastUpgradeCheck = 0610;
				ORGANIZATIONNAME = "Katie, Tyler, & Arthur";
				TargetAttributes = {
					8EBC4E021A0194840086577B = {
						CreatedOnToolsVersion = 6.1;
						DevelopmentTeam = HQKPLQT856;
					};
					8EBC4E1B1A0194840086577B = {
						CreatedOnToolsVersion = 6.1;
						TestTargetID = 8EBC4E021A0194840086577B;
					};
				};
			};
			buildConfigurationList = 8EBC4DFE1A0194840086577B /* Build configuration list for PBXProject "GroupMate" */;
			compatibilityVersion = "Xcode 3.2";
			developmentRegion = English;
			hasScannedForEncodings = 0;
			knownRegions = (
				en,
				Base,
			);
			mainGroup = 8EBC4DFA1A0194840086577B;
			productRefGroup = 8EBC4E041A0194840086577B /* Products */;
			projectDirPath = "";
			projectRoot = "";
			targets = (
				8EBC4E021A0194840086577B /* GroupMate */,
				8EBC4E1B1A0194840086577B /* GroupMateTests */,
			);
		};
/* End PBXProject section */

/* Begin PBXResourcesBuildPhase section */
		8EBC4E011A0194840086577B /* Resources */ = {
			isa = PBXResourcesBuildPhase;
			buildActionMask = 2147483647;
			files = (
				8E55F2C21A1E545F0036AC67 /* icon.png in Resources */,
				8EBC4E121A0194840086577B /* Main.storyboard in Resources */,
				8EBC4E171A0194840086577B /* LaunchScreen.xib in Resources */,
				8EBC4E141A0194840086577B /* Images.xcassets in Resources */,
			);
			runOnlyForDeploymentPostprocessing = 0;
		};
		8EBC4E1A1A0194840086577B /* Resources */ = {
			isa = PBXResourcesBuildPhase;
			buildActionMask = 2147483647;
			files = (
			);
			runOnlyForDeploymentPostprocessing = 0;
		};
/* End PBXResourcesBuildPhase section */

/* Begin PBXSourcesBuildPhase section */
		8EBC4DFF1A0194840086577B /* Sources */ = {
			isa = PBXSourcesBuildPhase;
			buildActionMask = 2147483647;
			files = (
				8E76D7021A2A73AA0065869D /* ImageViewController.m in Sources */,
				8E3454141A0CC5F900DACC25 /* MeetingViewController.m in Sources */,
				8EBC4E0F1A0194840086577B /* ViewController.m in Sources */,
				8EBC4E0C1A0194840086577B /* AppDelegate.m in Sources */,
				8E7AA3F51A0FA89600BD9A1D /* EditViewController.m in Sources */,
				8EE2D12E1A2A407C00677452 /* ImageCollectionViewCell.m in Sources */,
				8EBC4E091A0194840086577B /* main.m in Sources */,
				8EE2D12A1A292A2B00677452 /* MeetingTableViewCell.m in Sources */,
				8E7D13F71A0AD2C8004ACC92 /* Meeting.m in Sources */,
				8EF4FDAD1A019E5A005EDC49 /* NewMeetingViewController.m in Sources */,
			);
			runOnlyForDeploymentPostprocessing = 0;
		};
		8EBC4E181A0194840086577B /* Sources */ = {
			isa = PBXSourcesBuildPhase;
			buildActionMask = 2147483647;
			files = (
				8EBC4E231A0194840086577B /* GroupMateTests.m in Sources */,
			);
			runOnlyForDeploymentPostprocessing = 0;
		};
/* End PBXSourcesBuildPhase section */

/* Begin PBXTargetDependency section */
		8EBC4E1E1A0194840086577B /* PBXTargetDependency */ = {
			isa = PBXTargetDependency;
			target = 8EBC4E021A0194840086577B /* GroupMate */;
			targetProxy = 8EBC4E1D1A0194840086577B /* PBXContainerItemProxy */;
		};
/* End PBXTargetDependency section */

/* Begin PBXVariantGroup section */
		8EBC4E101A0194840086577B /* Main.storyboard */ = {
			isa = PBXVariantGroup;
			children = (
				8EBC4E111A0194840086577B /* Base */,
			);
			name = Main.storyboard;
			sourceTree = "<group>";
		};
		8EBC4E151A0194840086577B /* LaunchScreen.xib */ = {
			isa = PBXVariantGroup;
			children = (
				8EBC4E161A0194840086577B /* Base */,
			);
			name = LaunchScreen.xib;
			sourceTree = "<group>";
		};
/* End PBXVariantGroup section */

/* Begin XCBuildConfiguration section */
		8EBC4E241A0194840086577B /* Debug */ = {
			isa = XCBuildConfiguration;
			buildSettings = {
				ALWAYS_SEARCH_USER_PATHS = NO;
				CLANG_CXX_LANGUAGE_STANDARD = "gnu++0x";
				CLANG_CXX_LIBRARY = "libc++";
				CLANG_ENABLE_MODULES = YES;
				CLANG_ENABLE_OBJC_ARC = YES;
				CLANG_WARN_BOOL_CONVERSION = YES;
				CLANG_WARN_CONSTANT_CONVERSION = YES;
				CLANG_WARN_DIRECT_OBJC_ISA_USAGE = YES_ERROR;
				CLANG_WARN_EMPTY_BODY = YES;
				CLANG_WARN_ENUM_CONVERSION = YES;
				CLANG_WARN_INT_CONVERSION = YES;
				CLANG_WARN_OBJC_ROOT_CLASS = YES_ERROR;
				CLANG_WARN_UNREACHABLE_CODE = YES;
				CLANG_WARN__DUPLICATE_METHOD_MATCH = YES;
				"CODE_SIGN_IDENTITY[sdk=iphoneos*]" = "iPhone Developer";
				COPY_PHASE_STRIP = NO;
				ENABLE_STRICT_OBJC_MSGSEND = YES;
				GCC_C_LANGUAGE_STANDARD = gnu99;
				GCC_DYNAMIC_NO_PIC = NO;
				GCC_OPTIMIZATION_LEVEL = 0;
				GCC_PREPROCESSOR_DEFINITIONS = (
					"DEBUG=1",
					"$(inherited)",
				);
				GCC_SYMBOLS_PRIVATE_EXTERN = NO;
				GCC_WARN_64_TO_32_BIT_CONVERSION = YES;
				GCC_WARN_ABOUT_RETURN_TYPE = YES_ERROR;
				GCC_WARN_UNDECLARED_SELECTOR = YES;
				GCC_WARN_UNINITIALIZED_AUTOS = YES_AGGRESSIVE;
				GCC_WARN_UNUSED_FUNCTION = YES;
				GCC_WARN_UNUSED_VARIABLE = YES;
				IPHONEOS_DEPLOYMENT_TARGET = 8.1;
				MTL_ENABLE_DEBUG_INFO = YES;
				ONLY_ACTIVE_ARCH = YES;
				SDKROOT = iphoneos;
			};
			name = Debug;
		};
		8EBC4E251A0194840086577B /* Release */ = {
			isa = XCBuildConfiguration;
			buildSettings = {
				ALWAYS_SEARCH_USER_PATHS = NO;
				CLANG_CXX_LANGUAGE_STANDARD = "gnu++0x";
				CLANG_CXX_LIBRARY = "libc++";
				CLANG_ENABLE_MODULES = YES;
				CLANG_ENABLE_OBJC_ARC = YES;
				CLANG_WARN_BOOL_CONVERSION = YES;
				CLANG_WARN_CONSTANT_CONVERSION = YES;
				CLANG_WARN_DIRECT_OBJC_ISA_USAGE = YES_ERROR;
				CLANG_WARN_EMPTY_BODY = YES;
				CLANG_WARN_ENUM_CONVERSION = YES;
				CLANG_WARN_INT_CONVERSION = YES;
				CLANG_WARN_OBJC_ROOT_CLASS = YES_ERROR;
				CLANG_WARN_UNREACHABLE_CODE = YES;
				CLANG_WARN__DUPLICATE_METHOD_MATCH = YES;
				"CODE_SIGN_IDENTITY[sdk=iphoneos*]" = "iPhone Developer";
				COPY_PHASE_STRIP = YES;
				ENABLE_NS_ASSERTIONS = NO;
				ENABLE_STRICT_OBJC_MSGSEND = YES;
				GCC_C_LANGUAGE_STANDARD = gnu99;
				GCC_WARN_64_TO_32_BIT_CONVERSION = YES;
				GCC_WARN_ABOUT_RETURN_TYPE = YES_ERROR;
				GCC_WARN_UNDECLARED_SELECTOR = YES;
				GCC_WARN_UNINITIALIZED_AUTOS = YES_AGGRESSIVE;
				GCC_WARN_UNUSED_FUNCTION = YES;
				GCC_WARN_UNUSED_VARIABLE = YES;
				IPHONEOS_DEPLOYMENT_TARGET = 8.1;
				MTL_ENABLE_DEBUG_INFO = NO;
				SDKROOT = iphoneos;
				VALIDATE_PRODUCT = YES;
			};
			name = Release;
		};
		8EBC4E271A0194840086577B /* Debug */ = {
			isa = XCBuildConfiguration;
			buildSettings = {
				ASSETCATALOG_COMPILER_APPICON_NAME = AppIcon;
				CODE_SIGN_IDENTITY = "iPhone Developer";
				"CODE_SIGN_IDENTITY[sdk=iphoneos*]" = "iPhone Developer";
				INFOPLIST_FILE = GroupMate/Info.plist;
				LD_RUNPATH_SEARCH_PATHS = "$(inherited) @executable_path/Frameworks";
				PRODUCT_NAME = "$(TARGET_NAME)";
				PROVISIONING_PROFILE = "";
			};
			name = Debug;
		};
		8EBC4E281A0194840086577B /* Release */ = {
			isa = XCBuildConfiguration;
			buildSettings = {
				ASSETCATALOG_COMPILER_APPICON_NAME = AppIcon;
				CODE_SIGN_IDENTITY = "iPhone Developer";
				"CODE_SIGN_IDENTITY[sdk=iphoneos*]" = "iPhone Developer";
				INFOPLIST_FILE = GroupMate/Info.plist;
				LD_RUNPATH_SEARCH_PATHS = "$(inherited) @executable_path/Frameworks";
				PRODUCT_NAME = "$(TARGET_NAME)";
				PROVISIONING_PROFILE = "";
			};
			name = Release;
		};
		8EBC4E2A1A0194840086577B /* Debug */ = {
			isa = XCBuildConfiguration;
			buildSettings = {
				BUNDLE_LOADER = "$(TEST_HOST)";
				FRAMEWORK_SEARCH_PATHS = (
					"$(SDKROOT)/Developer/Library/Frameworks",
					"$(inherited)",
				);
				GCC_PREPROCESSOR_DEFINITIONS = (
					"DEBUG=1",
					"$(inherited)",
				);
				INFOPLIST_FILE = GroupMateTests/Info.plist;
				LD_RUNPATH_SEARCH_PATHS = "$(inherited) @executable_path/Frameworks @loader_path/Frameworks";
				PRODUCT_NAME = "$(TARGET_NAME)";
				TEST_HOST = "$(BUILT_PRODUCTS_DIR)/GroupMate.app/GroupMate";
			};
			name = Debug;
		};
		8EBC4E2B1A0194840086577B /* Release */ = {
			isa = XCBuildConfiguration;
			buildSettings = {
				BUNDLE_LOADER = "$(TEST_HOST)";
				FRAMEWORK_SEARCH_PATHS = (
					"$(SDKROOT)/Developer/Library/Frameworks",
					"$(inherited)",
				);
				INFOPLIST_FILE = GroupMateTests/Info.plist;
				LD_RUNPATH_SEARCH_PATHS = "$(inherited) @executable_path/Frameworks @loader_path/Frameworks";
				PRODUCT_NAME = "$(TARGET_NAME)";
				TEST_HOST = "$(BUILT_PRODUCTS_DIR)/GroupMate.app/GroupMate";
			};
			name = Release;
		};
/* End XCBuildConfiguration section */

/* Begin XCConfigurationList section */
		8EBC4DFE1A0194840086577B /* Build configuration list for PBXProject "GroupMate" */ = {
			isa = XCConfigurationList;
			buildConfigurations = (
				8EBC4E241A0194840086577B /* Debug */,
				8EBC4E251A0194840086577B /* Release */,
			);
			defaultConfigurationIsVisible = 0;
			defaultConfigurationName = Release;
		};
		8EBC4E261A0194840086577B /* Build configuration list for PBXNativeTarget "GroupMate" */ = {
			isa = XCConfigurationList;
			buildConfigurations = (
				8EBC4E271A0194840086577B /* Debug */,
				8EBC4E281A0194840086577B /* Release */,
			);
			defaultConfigurationIsVisible = 0;
			defaultConfigurationName = Release;
		};
		8EBC4E291A0194840086577B /* Build configuration list for PBXNativeTarget "GroupMateTests" */ = {
			isa = XCConfigurationList;
			buildConfigurations = (
				8EBC4E2A1A0194840086577B /* Debug */,
				8EBC4E2B1A0194840086577B /* Release */,
			);
			defaultConfigurationIsVisible = 0;
			defaultConfigurationName = Release;
		};
/* End XCConfigurationList section */
	};
	rootObject = 8EBC4DFB1A0194840086577B /* Project object */;
}
